// !$*UTF8*$!
{
	archiveVersion = 1;
	classes = {
	};
	objectVersion = 48;
	objects = {

/* Begin PBXBuildFile section */
		8012AE7B1F25349F00FB5F68 /* ControlViewController.swift in Sources */ = {isa = PBXBuildFile; fileRef = 8012AE7A1F25349F00FB5F68 /* ControlViewController.swift */; };
		8012AE9B1F25432800FB5F68 /* MjpegStreamingKit.framework in Frameworks */ = {isa = PBXBuildFile; fileRef = 8012AE9A1F25431F00FB5F68 /* MjpegStreamingKit.framework */; };
		8012AE9C1F25432800FB5F68 /* MjpegStreamingKit.framework in Embed Frameworks */ = {isa = PBXBuildFile; fileRef = 8012AE9A1F25431F00FB5F68 /* MjpegStreamingKit.framework */; settings = {ATTRIBUTES = (CodeSignOnCopy, RemoveHeadersOnCopy, ); }; };
		8012AEB21F257CD300FB5F68 /* Charts.framework in Frameworks */ = {isa = PBXBuildFile; fileRef = 8012AEAF1F257CC300FB5F68 /* Charts.framework */; };
		8012AEB31F257CD300FB5F68 /* Charts.framework in Embed Frameworks */ = {isa = PBXBuildFile; fileRef = 8012AEAF1F257CC300FB5F68 /* Charts.framework */; settings = {ATTRIBUTES = (CodeSignOnCopy, RemoveHeadersOnCopy, ); }; };
		8012AEB71F2580D900FB5F68 /* TemperatureChart.swift in Sources */ = {isa = PBXBuildFile; fileRef = 8012AEB61F2580D900FB5F68 /* TemperatureChart.swift */; };
		8012AEBA1F270CAE00FB5F68 /* MoreViewController.swift in Sources */ = {isa = PBXBuildFile; fileRef = 8012AEB91F270CAE00FB5F68 /* MoreViewController.swift */; };
		801855A31F21D87600B22859 /* SwiftWebSocket.framework in Frameworks */ = {isa = PBXBuildFile; fileRef = 801855981F21D86600B22859 /* SwiftWebSocket.framework */; };
		801855A41F21D87600B22859 /* SwiftWebSocket.framework in Embed Frameworks */ = {isa = PBXBuildFile; fileRef = 801855981F21D86600B22859 /* SwiftWebSocket.framework */; settings = {ATTRIBUTES = (CodeSignOnCopy, RemoveHeadersOnCopy, ); }; };
		801855A81F2266DC00B22859 /* OctoConnection.swift in Sources */ = {isa = PBXBuildFile; fileRef = 801855A71F2266DC00B22859 /* OctoConnection.swift */; };
		808AA1C11F23D521000853C8 /* TemperatureViewController.swift in Sources */ = {isa = PBXBuildFile; fileRef = 808AA1C01F23D521000853C8 /* TemperatureViewController.swift */; };
		808D26021F247B7E008555BC /* OctoWebSockets.swift in Sources */ = {isa = PBXBuildFile; fileRef = 808D26011F247B7E008555BC /* OctoWebSockets.swift */; };
		80B140BA1F23E2DD00957006 /* ToolCell.swift in Sources */ = {isa = PBXBuildFile; fileRef = 80B140B91F23E2DD00957006 /* ToolCell.swift */; };
		80B140BC1F23F95D00957006 /* FilesCell.swift in Sources */ = {isa = PBXBuildFile; fileRef = 80B140BB1F23F95D00957006 /* FilesCell.swift */; };
		80B838A81F1EEEC900F90A13 /* AppDelegate.swift in Sources */ = {isa = PBXBuildFile; fileRef = 80B838A71F1EEEC900F90A13 /* AppDelegate.swift */; };
		80B838AC1F1EEEC900F90A13 /* FileBrowserViewController.swift in Sources */ = {isa = PBXBuildFile; fileRef = 80B838AB1F1EEEC900F90A13 /* FileBrowserViewController.swift */; };
		80B838AF1F1EEEC900F90A13 /* Main.storyboard in Resources */ = {isa = PBXBuildFile; fileRef = 80B838AD1F1EEEC900F90A13 /* Main.storyboard */; settings = {ASSET_TAGS = (0, ); }; };
		80B838B11F1EEEC900F90A13 /* Assets.xcassets in Resources */ = {isa = PBXBuildFile; fileRef = 80B838B01F1EEEC900F90A13 /* Assets.xcassets */; };
		80B838B41F1EEEC900F90A13 /* LaunchScreen.storyboard in Resources */ = {isa = PBXBuildFile; fileRef = 80B838B21F1EEEC900F90A13 /* LaunchScreen.storyboard */; };
		80B838BC1F1EEF7500F90A13 /* Octoprint.swift in Sources */ = {isa = PBXBuildFile; fileRef = 80B838BB1F1EEF7500F90A13 /* Octoprint.swift */; };
		80B838EA1F1F069F00F90A13 /* SetupViewController.swift in Sources */ = {isa = PBXBuildFile; fileRef = 80B838E91F1F069F00F90A13 /* SetupViewController.swift */; };
		80B838EC1F1F08E200F90A13 /* Constants.swift in Sources */ = {isa = PBXBuildFile; fileRef = 80B838EB1F1F08E200F90A13 /* Constants.swift */; };
		80B838EE1F1F113E00F90A13 /* Storyboard.swift in Sources */ = {isa = PBXBuildFile; fileRef = 80B838ED1F1F113E00F90A13 /* Storyboard.swift */; };
		80B838F31F1FB0C800F90A13 /* RootViewController.swift in Sources */ = {isa = PBXBuildFile; fileRef = 80B838F21F1FB0C800F90A13 /* RootViewController.swift */; };
		80B838FC1F1FBA9900F90A13 /* SetupNavigationViewController.swift in Sources */ = {isa = PBXBuildFile; fileRef = 80B838FB1F1FBA9900F90A13 /* SetupNavigationViewController.swift */; };
		80B838FE1F1FC08200F90A13 /* TextInpuCellTableViewCell.swift in Sources */ = {isa = PBXBuildFile; fileRef = 80B838FD1F1FC08200F90A13 /* TextInpuCellTableViewCell.swift */; };
		80DF97791F21621400E254A5 /* String.swift in Sources */ = {isa = PBXBuildFile; fileRef = 80DF97781F21621400E254A5 /* String.swift */; };
/* End PBXBuildFile section */

/* Begin PBXContainerItemProxy section */
		8012AE991F25431F00FB5F68 /* PBXContainerItemProxy */ = {
			isa = PBXContainerItemProxy;
			containerPortal = 8012AE951F25431F00FB5F68 /* MjpegStreamingKit.xcodeproj */;
			proxyType = 2;
			remoteGlobalIDString = 1A2AEA0C1CA9A43A0047FC82;
			remoteInfo = MjpegStreamingKit;
		};
		8012AE9D1F25432800FB5F68 /* PBXContainerItemProxy */ = {
			isa = PBXContainerItemProxy;
			containerPortal = 8012AE951F25431F00FB5F68 /* MjpegStreamingKit.xcodeproj */;
			proxyType = 1;
			remoteGlobalIDString = 1A2AEA0B1CA9A43A0047FC82;
			remoteInfo = MjpegStreamingKit;
		};
		8012AEAE1F257CC300FB5F68 /* PBXContainerItemProxy */ = {
			isa = PBXContainerItemProxy;
			containerPortal = 8012AEA91F257CC300FB5F68 /* Charts.xcodeproj */;
			proxyType = 2;
			remoteGlobalIDString = 06165F241D8110E600722320;
			remoteInfo = Charts;
		};
		8012AEB01F257CC300FB5F68 /* PBXContainerItemProxy */ = {
			isa = PBXContainerItemProxy;
			containerPortal = 8012AEA91F257CC300FB5F68 /* Charts.xcodeproj */;
			proxyType = 2;
			remoteGlobalIDString = 06165F2E1D8110E600722320;
			remoteInfo = ChartsTests;
		};
		8012AEB41F257CD300FB5F68 /* PBXContainerItemProxy */ = {
			isa = PBXContainerItemProxy;
			containerPortal = 8012AEA91F257CC300FB5F68 /* Charts.xcodeproj */;
			proxyType = 1;
			remoteGlobalIDString = 06165F231D8110E600722320;
			remoteInfo = Charts;
		};
		801855971F21D86600B22859 /* PBXContainerItemProxy */ = {
			isa = PBXContainerItemProxy;
			containerPortal = 8018558E1F21D86500B22859 /* SwiftWebSocket.xcodeproj */;
			proxyType = 2;
			remoteGlobalIDString = 03D1E7031B20897100AC49AC;
			remoteInfo = "SwiftWebSocket-iOS";
		};
		801855991F21D86600B22859 /* PBXContainerItemProxy */ = {
			isa = PBXContainerItemProxy;
			containerPortal = 8018558E1F21D86500B22859 /* SwiftWebSocket.xcodeproj */;
			proxyType = 2;
			remoteGlobalIDString = D71949011B35E6130015C529;
			remoteInfo = "SwiftWebSocket-OSX";
		};
		8018559B1F21D86600B22859 /* PBXContainerItemProxy */ = {
			isa = PBXContainerItemProxy;
			containerPortal = 8018558E1F21D86500B22859 /* SwiftWebSocket.xcodeproj */;
			proxyType = 2;
			remoteGlobalIDString = 03957A3C1C5A71DB005CC1DB;
			remoteInfo = "SwiftWebSocket-tvOS";
		};
		8018559D1F21D86600B22859 /* PBXContainerItemProxy */ = {
			isa = PBXContainerItemProxy;
			containerPortal = 8018558E1F21D86500B22859 /* SwiftWebSocket.xcodeproj */;
			proxyType = 2;
			remoteGlobalIDString = 03D70CCC1BDAC5EC00D245C3;
			remoteInfo = "Test-OSX";
		};
		8018559F1F21D86600B22859 /* PBXContainerItemProxy */ = {
			isa = PBXContainerItemProxy;
			containerPortal = 8018558E1F21D86500B22859 /* SwiftWebSocket.xcodeproj */;
			proxyType = 2;
			remoteGlobalIDString = 03D70CDB1BDAC63600D245C3;
			remoteInfo = "Test-iOS";
		};
		801855A11F21D86600B22859 /* PBXContainerItemProxy */ = {
			isa = PBXContainerItemProxy;
			containerPortal = 8018558E1F21D86500B22859 /* SwiftWebSocket.xcodeproj */;
			proxyType = 2;
			remoteGlobalIDString = D78C40301C232C3800EB72AA;
			remoteInfo = "Test-ObjectiveC";
		};
		801855A51F21D87600B22859 /* PBXContainerItemProxy */ = {
			isa = PBXContainerItemProxy;
			containerPortal = 8018558E1F21D86500B22859 /* SwiftWebSocket.xcodeproj */;
			proxyType = 1;
			remoteGlobalIDString = 03D1E7021B20897100AC49AC;
			remoteInfo = "SwiftWebSocket-iOS";
		};
/* End PBXContainerItemProxy section */

/* Begin PBXCopyFilesBuildPhase section */
		80B838FA1F1FB62F00F90A13 /* Embed Frameworks */ = {
			isa = PBXCopyFilesBuildPhase;
			buildActionMask = 2147483647;
			dstPath = "";
			dstSubfolderSpec = 10;
			files = (
				8012AEB31F257CD300FB5F68 /* Charts.framework in Embed Frameworks */,
				8012AE9C1F25432800FB5F68 /* MjpegStreamingKit.framework in Embed Frameworks */,
				801855A41F21D87600B22859 /* SwiftWebSocket.framework in Embed Frameworks */,
			);
			name = "Embed Frameworks";
			runOnlyForDeploymentPostprocessing = 0;
		};
/* End PBXCopyFilesBuildPhase section */

/* Begin PBXFileReference section */
		8012AE7A1F25349F00FB5F68 /* ControlViewController.swift */ = {isa = PBXFileReference; fileEncoding = 4; lastKnownFileType = sourcecode.swift; path = ControlViewController.swift; sourceTree = "<group>"; };
		8012AE951F25431F00FB5F68 /* MjpegStreamingKit.xcodeproj */ = {isa = PBXFileReference; lastKnownFileType = "wrapper.pb-project"; name = MjpegStreamingKit.xcodeproj; path = ../MjpegStreamingKit/MjpegStreamingKit.xcodeproj; sourceTree = "<group>"; };
		8012AEA91F257CC300FB5F68 /* Charts.xcodeproj */ = {isa = PBXFileReference; lastKnownFileType = "wrapper.pb-project"; name = Charts.xcodeproj; path = ../Charts/Charts.xcodeproj; sourceTree = "<group>"; };
		8012AEB61F2580D900FB5F68 /* TemperatureChart.swift */ = {isa = PBXFileReference; fileEncoding = 4; lastKnownFileType = sourcecode.swift; name = TemperatureChart.swift; path = ViewControllers/TemperatureChart.swift; sourceTree = "<group>"; };
		8012AEB91F270CAE00FB5F68 /* MoreViewController.swift */ = {isa = PBXFileReference; fileEncoding = 4; lastKnownFileType = sourcecode.swift; path = MoreViewController.swift; sourceTree = "<group>"; };
		8018558E1F21D86500B22859 /* SwiftWebSocket.xcodeproj */ = {isa = PBXFileReference; lastKnownFileType = "wrapper.pb-project"; name = SwiftWebSocket.xcodeproj; path = ../SwiftWebSocket/SwiftWebSocket.xcodeproj; sourceTree = "<group>"; };
		801855A71F2266DC00B22859 /* OctoConnection.swift */ = {isa = PBXFileReference; lastKnownFileType = sourcecode.swift; path = OctoConnection.swift; sourceTree = "<group>"; };
		808AA1C01F23D521000853C8 /* TemperatureViewController.swift */ = {isa = PBXFileReference; lastKnownFileType = sourcecode.swift; path = TemperatureViewController.swift; sourceTree = "<group>"; };
		808D26011F247B7E008555BC /* OctoWebSockets.swift */ = {isa = PBXFileReference; fileEncoding = 4; lastKnownFileType = sourcecode.swift; path = OctoWebSockets.swift; sourceTree = "<group>"; };
		80B140B91F23E2DD00957006 /* ToolCell.swift */ = {isa = PBXFileReference; lastKnownFileType = sourcecode.swift; path = ToolCell.swift; sourceTree = "<group>"; };
		80B140BB1F23F95D00957006 /* FilesCell.swift */ = {isa = PBXFileReference; lastKnownFileType = sourcecode.swift; path = FilesCell.swift; sourceTree = "<group>"; };
		80B838A41F1EEEC900F90A13 /* octo-tap.app */ = {isa = PBXFileReference; explicitFileType = wrapper.application; includeInIndex = 0; path = "octo-tap.app"; sourceTree = BUILT_PRODUCTS_DIR; };
		80B838A71F1EEEC900F90A13 /* AppDelegate.swift */ = {isa = PBXFileReference; lastKnownFileType = sourcecode.swift; path = AppDelegate.swift; sourceTree = "<group>"; };
		80B838AB1F1EEEC900F90A13 /* FileBrowserViewController.swift */ = {isa = PBXFileReference; lastKnownFileType = sourcecode.swift; path = FileBrowserViewController.swift; sourceTree = "<group>"; };
		80B838AE1F1EEEC900F90A13 /* Base */ = {isa = PBXFileReference; lastKnownFileType = file.storyboard; name = Base; path = Base.lproj/Main.storyboard; sourceTree = "<group>"; };
		80B838B01F1EEEC900F90A13 /* Assets.xcassets */ = {isa = PBXFileReference; lastKnownFileType = folder.assetcatalog; path = Assets.xcassets; sourceTree = "<group>"; };
		80B838B31F1EEEC900F90A13 /* Base */ = {isa = PBXFileReference; lastKnownFileType = file.storyboard; name = Base; path = Base.lproj/LaunchScreen.storyboard; sourceTree = "<group>"; };
		80B838B51F1EEEC900F90A13 /* Info.plist */ = {isa = PBXFileReference; lastKnownFileType = text.plist.xml; path = Info.plist; sourceTree = "<group>"; };
		80B838BB1F1EEF7500F90A13 /* Octoprint.swift */ = {isa = PBXFileReference; lastKnownFileType = sourcecode.swift; path = Octoprint.swift; sourceTree = "<group>"; };
		80B838E91F1F069F00F90A13 /* SetupViewController.swift */ = {isa = PBXFileReference; lastKnownFileType = sourcecode.swift; path = SetupViewController.swift; sourceTree = "<group>"; };
		80B838EB1F1F08E200F90A13 /* Constants.swift */ = {isa = PBXFileReference; lastKnownFileType = sourcecode.swift; path = Constants.swift; sourceTree = "<group>"; };
		80B838ED1F1F113E00F90A13 /* Storyboard.swift */ = {isa = PBXFileReference; lastKnownFileType = sourcecode.swift; path = Storyboard.swift; sourceTree = "<group>"; };
		80B838F21F1FB0C800F90A13 /* RootViewController.swift */ = {isa = PBXFileReference; lastKnownFileType = sourcecode.swift; path = RootViewController.swift; sourceTree = "<group>"; };
		80B838FB1F1FBA9900F90A13 /* SetupNavigationViewController.swift */ = {isa = PBXFileReference; lastKnownFileType = sourcecode.swift; path = SetupNavigationViewController.swift; sourceTree = "<group>"; };
		80B838FD1F1FC08200F90A13 /* TextInpuCellTableViewCell.swift */ = {isa = PBXFileReference; lastKnownFileType = sourcecode.swift; path = TextInpuCellTableViewCell.swift; sourceTree = "<group>"; };
		80DF97781F21621400E254A5 /* String.swift */ = {isa = PBXFileReference; lastKnownFileType = sourcecode.swift; path = String.swift; sourceTree = "<group>"; };
/* End PBXFileReference section */

/* Begin PBXFrameworksBuildPhase section */
		80B838A11F1EEEC900F90A13 /* Frameworks */ = {
			isa = PBXFrameworksBuildPhase;
			buildActionMask = 2147483647;
			files = (
				8012AEB21F257CD300FB5F68 /* Charts.framework in Frameworks */,
				8012AE9B1F25432800FB5F68 /* MjpegStreamingKit.framework in Frameworks */,
				801855A31F21D87600B22859 /* SwiftWebSocket.framework in Frameworks */,
			);
			runOnlyForDeploymentPostprocessing = 0;
		};
/* End PBXFrameworksBuildPhase section */

/* Begin PBXGroup section */
		8012AE961F25431F00FB5F68 /* Products */ = {
			isa = PBXGroup;
			children = (
				8012AE9A1F25431F00FB5F68 /* MjpegStreamingKit.framework */,
			);
			name = Products;
			sourceTree = "<group>";
		};
		8012AEAA1F257CC300FB5F68 /* Products */ = {
			isa = PBXGroup;
			children = (
				8012AEAF1F257CC300FB5F68 /* Charts.framework */,
				8012AEB11F257CC300FB5F68 /* ChartsTests.xctest */,
			);
			name = Products;
			sourceTree = "<group>";
		};
		8012AEB81F2580E100FB5F68 /* views */ = {
			isa = PBXGroup;
			children = (
				8012AEB61F2580D900FB5F68 /* TemperatureChart.swift */,
			);
			name = views;
			sourceTree = "<group>";
		};
		8018558F1F21D86500B22859 /* Products */ = {
			isa = PBXGroup;
			children = (
				801855981F21D86600B22859 /* SwiftWebSocket.framework */,
				8018559A1F21D86600B22859 /* SwiftWebSocket.framework */,
				8018559C1F21D86600B22859 /* SwiftWebSocket.framework */,
				8018559E1F21D86600B22859 /* Test-OSX.xctest */,
				801855A01F21D86600B22859 /* Test-iOS.xctest */,
				801855A21F21D86600B22859 /* Test-ObjectiveC.xctest */,
			);
			name = Products;
			sourceTree = "<group>";
		};
		80B8389B1F1EEEC900F90A13 = {
			isa = PBXGroup;
			children = (
				80B838A61F1EEEC900F90A13 /* octo-tap */,
				80B838A51F1EEEC900F90A13 /* Products */,
				8012AEA91F257CC300FB5F68 /* Charts.xcodeproj */,
				8012AE951F25431F00FB5F68 /* MjpegStreamingKit.xcodeproj */,
				8018558E1F21D86500B22859 /* SwiftWebSocket.xcodeproj */,
			);
			sourceTree = "<group>";
		};
		80B838A51F1EEEC900F90A13 /* Products */ = {
			isa = PBXGroup;
			children = (
				80B838A41F1EEEC900F90A13 /* octo-tap.app */,
			);
			name = Products;
			sourceTree = "<group>";
		};
		80B838A61F1EEEC900F90A13 /* octo-tap */ = {
			isa = PBXGroup;
			children = (
				8012AEB81F2580E100FB5F68 /* views */,
				80DF977F1F21621800E254A5 /* Extensions */,
				80B838F11F1FAF5000F90A13 /* Constants */,
				80B838F01F1FAF4300F90A13 /* OctoPrint */,
				80B838EF1F1FAF2C00F90A13 /* ViewControllers */,
				80B838A71F1EEEC900F90A13 /* AppDelegate.swift */,
				80B838AD1F1EEEC900F90A13 /* Main.storyboard */,
				80B838B01F1EEEC900F90A13 /* Assets.xcassets */,
				80B838B21F1EEEC900F90A13 /* LaunchScreen.storyboard */,
				80B838B51F1EEEC900F90A13 /* Info.plist */,
				80B838FD1F1FC08200F90A13 /* TextInpuCellTableViewCell.swift */,
			);
			path = "octo-tap";
			sourceTree = "<group>";
		};
		80B838EF1F1FAF2C00F90A13 /* ViewControllers */ = {
			isa = PBXGroup;
			children = (
				80B838F21F1FB0C800F90A13 /* RootViewController.swift */,
				80B838FB1F1FBA9900F90A13 /* SetupNavigationViewController.swift */,
				80B838E91F1F069F00F90A13 /* SetupViewController.swift */,
				80B838AB1F1EEEC900F90A13 /* FileBrowserViewController.swift */,
				808AA1C01F23D521000853C8 /* TemperatureViewController.swift */,
				80B140BB1F23F95D00957006 /* FilesCell.swift */,
				80B140B91F23E2DD00957006 /* ToolCell.swift */,
				8012AE7A1F25349F00FB5F68 /* ControlViewController.swift */,
				8012AEB91F270CAE00FB5F68 /* MoreViewController.swift */,
			);
			path = ViewControllers;
			sourceTree = "<group>";
		};
		80B838F01F1FAF4300F90A13 /* OctoPrint */ = {
			isa = PBXGroup;
			children = (
				80B838BB1F1EEF7500F90A13 /* Octoprint.swift */,
				801855A71F2266DC00B22859 /* OctoConnection.swift */,
				808D26011F247B7E008555BC /* OctoWebSockets.swift */,
			);
			path = OctoPrint;
			sourceTree = "<group>";
		};
		80B838F11F1FAF5000F90A13 /* Constants */ = {
			isa = PBXGroup;
			children = (
				80B838EB1F1F08E200F90A13 /* Constants.swift */,
			);
			path = Constants;
			sourceTree = "<group>";
		};
		80DF977F1F21621800E254A5 /* Extensions */ = {
			isa = PBXGroup;
			children = (
				80DF97781F21621400E254A5 /* String.swift */,
				80B838ED1F1F113E00F90A13 /* Storyboard.swift */,
			);
			path = Extensions;
			sourceTree = "<group>";
		};
/* End PBXGroup section */

/* Begin PBXNativeTarget section */
		80B838A31F1EEEC900F90A13 /* octo-tap */ = {
			isa = PBXNativeTarget;
			buildConfigurationList = 80B838B81F1EEEC900F90A13 /* Build configuration list for PBXNativeTarget "octo-tap" */;
			buildPhases = (
				80B838A01F1EEEC900F90A13 /* Sources */,
				80B838A11F1EEEC900F90A13 /* Frameworks */,
				80B838A21F1EEEC900F90A13 /* Resources */,
				80B838FA1F1FB62F00F90A13 /* Embed Frameworks */,
			);
			buildRules = (
			);
			dependencies = (
				801855A61F21D87600B22859 /* PBXTargetDependency */,
				8012AE9E1F25432800FB5F68 /* PBXTargetDependency */,
				8012AEB51F257CD300FB5F68 /* PBXTargetDependency */,
			);
			name = "octo-tap";
			productName = "octo-tap";
			productReference = 80B838A41F1EEEC900F90A13 /* octo-tap.app */;
			productType = "com.apple.product-type.application";
		};
/* End PBXNativeTarget section */

/* Begin PBXProject section */
		80B8389C1F1EEEC900F90A13 /* Project object */ = {
			isa = PBXProject;
			attributes = {
				KnownAssetTags = (
					0,
				);
				LastSwiftUpdateCheck = 0900;
				LastUpgradeCheck = 0900;
				ORGANIZATIONNAME = "Lukas Valine";
				TargetAttributes = {
					80B838A31F1EEEC900F90A13 = {
						CreatedOnToolsVersion = 9.0;
					};
				};
			};
			buildConfigurationList = 80B8389F1F1EEEC900F90A13 /* Build configuration list for PBXProject "octo-tap" */;
			compatibilityVersion = "Xcode 8.0";
			developmentRegion = en;
			hasScannedForEncodings = 0;
			knownRegions = (
				en,
				Base,
			);
			mainGroup = 80B8389B1F1EEEC900F90A13;
			productRefGroup = 80B838A51F1EEEC900F90A13 /* Products */;
			projectDirPath = "";
			projectReferences = (
				{
					ProductGroup = 8012AEAA1F257CC300FB5F68 /* Products */;
					ProjectRef = 8012AEA91F257CC300FB5F68 /* Charts.xcodeproj */;
				},
				{
					ProductGroup = 8012AE961F25431F00FB5F68 /* Products */;
					ProjectRef = 8012AE951F25431F00FB5F68 /* MjpegStreamingKit.xcodeproj */;
				},
				{
					ProductGroup = 8018558F1F21D86500B22859 /* Products */;
					ProjectRef = 8018558E1F21D86500B22859 /* SwiftWebSocket.xcodeproj */;
				},
			);
			projectRoot = "";
			targets = (
				80B838A31F1EEEC900F90A13 /* octo-tap */,
			);
		};
/* End PBXProject section */

/* Begin PBXReferenceProxy section */
		8012AE9A1F25431F00FB5F68 /* MjpegStreamingKit.framework */ = {
			isa = PBXReferenceProxy;
			fileType = wrapper.framework;
			path = MjpegStreamingKit.framework;
			remoteRef = 8012AE991F25431F00FB5F68 /* PBXContainerItemProxy */;
			sourceTree = BUILT_PRODUCTS_DIR;
		};
		8012AEAF1F257CC300FB5F68 /* Charts.framework */ = {
			isa = PBXReferenceProxy;
			fileType = wrapper.framework;
			path = Charts.framework;
			remoteRef = 8012AEAE1F257CC300FB5F68 /* PBXContainerItemProxy */;
			sourceTree = BUILT_PRODUCTS_DIR;
		};
		8012AEB11F257CC300FB5F68 /* ChartsTests.xctest */ = {
			isa = PBXReferenceProxy;
			fileType = wrapper.cfbundle;
			path = ChartsTests.xctest;
			remoteRef = 8012AEB01F257CC300FB5F68 /* PBXContainerItemProxy */;
			sourceTree = BUILT_PRODUCTS_DIR;
		};
		801855981F21D86600B22859 /* SwiftWebSocket.framework */ = {
			isa = PBXReferenceProxy;
			fileType = wrapper.framework;
			path = SwiftWebSocket.framework;
			remoteRef = 801855971F21D86600B22859 /* PBXContainerItemProxy */;
			sourceTree = BUILT_PRODUCTS_DIR;
		};
		8018559A1F21D86600B22859 /* SwiftWebSocket.framework */ = {
			isa = PBXReferenceProxy;
			fileType = wrapper.framework;
			path = SwiftWebSocket.framework;
			remoteRef = 801855991F21D86600B22859 /* PBXContainerItemProxy */;
			sourceTree = BUILT_PRODUCTS_DIR;
		};
		8018559C1F21D86600B22859 /* SwiftWebSocket.framework */ = {
			isa = PBXReferenceProxy;
			fileType = wrapper.framework;
			path = SwiftWebSocket.framework;
			remoteRef = 8018559B1F21D86600B22859 /* PBXContainerItemProxy */;
			sourceTree = BUILT_PRODUCTS_DIR;
		};
		8018559E1F21D86600B22859 /* Test-OSX.xctest */ = {
			isa = PBXReferenceProxy;
			fileType = wrapper.cfbundle;
			path = "Test-OSX.xctest";
			remoteRef = 8018559D1F21D86600B22859 /* PBXContainerItemProxy */;
			sourceTree = BUILT_PRODUCTS_DIR;
		};
		801855A01F21D86600B22859 /* Test-iOS.xctest */ = {
			isa = PBXReferenceProxy;
			fileType = wrapper.cfbundle;
			path = "Test-iOS.xctest";
			remoteRef = 8018559F1F21D86600B22859 /* PBXContainerItemProxy */;
			sourceTree = BUILT_PRODUCTS_DIR;
		};
		801855A21F21D86600B22859 /* Test-ObjectiveC.xctest */ = {
			isa = PBXReferenceProxy;
			fileType = wrapper.cfbundle;
			path = "Test-ObjectiveC.xctest";
			remoteRef = 801855A11F21D86600B22859 /* PBXContainerItemProxy */;
			sourceTree = BUILT_PRODUCTS_DIR;
		};
/* End PBXReferenceProxy section */

/* Begin PBXResourcesBuildPhase section */
		80B838A21F1EEEC900F90A13 /* Resources */ = {
			isa = PBXResourcesBuildPhase;
			buildActionMask = 2147483647;
			files = (
				80B838B41F1EEEC900F90A13 /* LaunchScreen.storyboard in Resources */,
				80B838B11F1EEEC900F90A13 /* Assets.xcassets in Resources */,
				80B838AF1F1EEEC900F90A13 /* Main.storyboard in Resources */,
			);
			runOnlyForDeploymentPostprocessing = 0;
		};
/* End PBXResourcesBuildPhase section */

/* Begin PBXSourcesBuildPhase section */
		80B838A01F1EEEC900F90A13 /* Sources */ = {
			isa = PBXSourcesBuildPhase;
			buildActionMask = 2147483647;
			files = (
				80B838BC1F1EEF7500F90A13 /* Octoprint.swift in Sources */,
				80DF97791F21621400E254A5 /* String.swift in Sources */,
				80B838EC1F1F08E200F90A13 /* Constants.swift in Sources */,
				808D26021F247B7E008555BC /* OctoWebSockets.swift in Sources */,
				80B838AC1F1EEEC900F90A13 /* FileBrowserViewController.swift in Sources */,
				80B838A81F1EEEC900F90A13 /* AppDelegate.swift in Sources */,
				8012AE7B1F25349F00FB5F68 /* ControlViewController.swift in Sources */,
				8012AEB71F2580D900FB5F68 /* TemperatureChart.swift in Sources */,
				80B838FE1F1FC08200F90A13 /* TextInpuCellTableViewCell.swift in Sources */,
				8012AEBA1F270CAE00FB5F68 /* MoreViewController.swift in Sources */,
				80B140BA1F23E2DD00957006 /* ToolCell.swift in Sources */,
				808AA1C11F23D521000853C8 /* TemperatureViewController.swift in Sources */,
				801855A81F2266DC00B22859 /* OctoConnection.swift in Sources */,
				80B838EA1F1F069F00F90A13 /* SetupViewController.swift in Sources */,
				80B838FC1F1FBA9900F90A13 /* SetupNavigationViewController.swift in Sources */,
				80B140BC1F23F95D00957006 /* FilesCell.swift in Sources */,
				80B838F31F1FB0C800F90A13 /* RootViewController.swift in Sources */,
				80B838EE1F1F113E00F90A13 /* Storyboard.swift in Sources */,
			);
			runOnlyForDeploymentPostprocessing = 0;
		};
/* End PBXSourcesBuildPhase section */

/* Begin PBXTargetDependency section */
		8012AE9E1F25432800FB5F68 /* PBXTargetDependency */ = {
			isa = PBXTargetDependency;
			name = MjpegStreamingKit;
			targetProxy = 8012AE9D1F25432800FB5F68 /* PBXContainerItemProxy */;
		};
		8012AEB51F257CD300FB5F68 /* PBXTargetDependency */ = {
			isa = PBXTargetDependency;
			name = Charts;
			targetProxy = 8012AEB41F257CD300FB5F68 /* PBXContainerItemProxy */;
		};
		801855A61F21D87600B22859 /* PBXTargetDependency */ = {
			isa = PBXTargetDependency;
			name = "SwiftWebSocket-iOS";
			targetProxy = 801855A51F21D87600B22859 /* PBXContainerItemProxy */;
		};
/* End PBXTargetDependency section */

/* Begin PBXVariantGroup section */
		80B838AD1F1EEEC900F90A13 /* Main.storyboard */ = {
			isa = PBXVariantGroup;
			children = (
				80B838AE1F1EEEC900F90A13 /* Base */,
			);
			name = Main.storyboard;
			sourceTree = "<group>";
		};
		80B838B21F1EEEC900F90A13 /* LaunchScreen.storyboard */ = {
			isa = PBXVariantGroup;
			children = (
				80B838B31F1EEEC900F90A13 /* Base */,
			);
			name = LaunchScreen.storyboard;
			sourceTree = "<group>";
		};
/* End PBXVariantGroup section */

/* Begin XCBuildConfiguration section */
		80B838B61F1EEEC900F90A13 /* Debug */ = {
			isa = XCBuildConfiguration;
			buildSettings = {
				ALWAYS_SEARCH_USER_PATHS = NO;
				CLANG_ANALYZER_NONNULL = YES;
				CLANG_ANALYZER_NUMBER_OBJECT_CONVERSION = YES_AGGRESSIVE;
				CLANG_CXX_LANGUAGE_STANDARD = "gnu++14";
				CLANG_CXX_LIBRARY = "libc++";
				CLANG_ENABLE_MODULES = YES;
				CLANG_ENABLE_OBJC_ARC = YES;
				CLANG_WARN_BLOCK_CAPTURE_AUTORELEASING = YES;
				CLANG_WARN_BOOL_CONVERSION = YES;
				CLANG_WARN_COMMA = YES;
				CLANG_WARN_CONSTANT_CONVERSION = YES;
				CLANG_WARN_DIRECT_OBJC_ISA_USAGE = YES_ERROR;
				CLANG_WARN_DOCUMENTATION_COMMENTS = YES;
				CLANG_WARN_EMPTY_BODY = YES;
				CLANG_WARN_ENUM_CONVERSION = YES;
				CLANG_WARN_INFINITE_RECURSION = YES;
				CLANG_WARN_INT_CONVERSION = YES;
				CLANG_WARN_OBJC_ROOT_CLASS = YES_ERROR;
				CLANG_WARN_RANGE_LOOP_ANALYSIS = YES;
				CLANG_WARN_STRICT_PROTOTYPES = YES;
				CLANG_WARN_SUSPICIOUS_MOVE = YES;
				CLANG_WARN_UNGUARDED_AVAILABILITY = YES_AGGRESSIVE;
				CLANG_WARN_UNREACHABLE_CODE = YES;
				CLANG_WARN__DUPLICATE_METHOD_MATCH = YES;
				CODE_SIGN_IDENTITY = "iPhone Developer";
				COPY_PHASE_STRIP = NO;
				DEBUG_INFORMATION_FORMAT = dwarf;
				ENABLE_STRICT_OBJC_MSGSEND = YES;
				ENABLE_TESTABILITY = YES;
				GCC_C_LANGUAGE_STANDARD = gnu11;
				GCC_DYNAMIC_NO_PIC = NO;
				GCC_NO_COMMON_BLOCKS = YES;
				GCC_OPTIMIZATION_LEVEL = 0;
				GCC_PREPROCESSOR_DEFINITIONS = (
					"DEBUG=1",
					"$(inherited)",
				);
				GCC_WARN_64_TO_32_BIT_CONVERSION = YES;
				GCC_WARN_ABOUT_RETURN_TYPE = YES_ERROR;
				GCC_WARN_UNDECLARED_SELECTOR = YES;
				GCC_WARN_UNINITIALIZED_AUTOS = YES_AGGRESSIVE;
				GCC_WARN_UNUSED_FUNCTION = YES;
				GCC_WARN_UNUSED_VARIABLE = YES;
				IPHONEOS_DEPLOYMENT_TARGET = 11.0;
				MTL_ENABLE_DEBUG_INFO = YES;
				ONLY_ACTIVE_ARCH = YES;
				SDKROOT = iphoneos;
				SWIFT_ACTIVE_COMPILATION_CONDITIONS = DEBUG;
				SWIFT_OPTIMIZATION_LEVEL = "-Onone";
			};
			name = Debug;
		};
		80B838B71F1EEEC900F90A13 /* Release */ = {
			isa = XCBuildConfiguration;
			buildSettings = {
				ALWAYS_SEARCH_USER_PATHS = NO;
				CLANG_ANALYZER_NONNULL = YES;
				CLANG_ANALYZER_NUMBER_OBJECT_CONVERSION = YES_AGGRESSIVE;
				CLANG_CXX_LANGUAGE_STANDARD = "gnu++14";
				CLANG_CXX_LIBRARY = "libc++";
				CLANG_ENABLE_MODULES = YES;
				CLANG_ENABLE_OBJC_ARC = YES;
				CLANG_WARN_BLOCK_CAPTURE_AUTORELEASING = YES;
				CLANG_WARN_BOOL_CONVERSION = YES;
				CLANG_WARN_COMMA = YES;
				CLANG_WARN_CONSTANT_CONVERSION = YES;
				CLANG_WARN_DIRECT_OBJC_ISA_USAGE = YES_ERROR;
				CLANG_WARN_DOCUMENTATION_COMMENTS = YES;
				CLANG_WARN_EMPTY_BODY = YES;
				CLANG_WARN_ENUM_CONVERSION = YES;
				CLANG_WARN_INFINITE_RECURSION = YES;
				CLANG_WARN_INT_CONVERSION = YES;
				CLANG_WARN_OBJC_ROOT_CLASS = YES_ERROR;
				CLANG_WARN_RANGE_LOOP_ANALYSIS = YES;
				CLANG_WARN_STRICT_PROTOTYPES = YES;
				CLANG_WARN_SUSPICIOUS_MOVE = YES;
				CLANG_WARN_UNGUARDED_AVAILABILITY = YES_AGGRESSIVE;
				CLANG_WARN_UNREACHABLE_CODE = YES;
				CLANG_WARN__DUPLICATE_METHOD_MATCH = YES;
				CODE_SIGN_IDENTITY = "iPhone Developer";
				COPY_PHASE_STRIP = NO;
				DEBUG_INFORMATION_FORMAT = "dwarf-with-dsym";
				ENABLE_NS_ASSERTIONS = NO;
				ENABLE_STRICT_OBJC_MSGSEND = YES;
				GCC_C_LANGUAGE_STANDARD = gnu11;
				GCC_NO_COMMON_BLOCKS = YES;
				GCC_WARN_64_TO_32_BIT_CONVERSION = YES;
				GCC_WARN_ABOUT_RETURN_TYPE = YES_ERROR;
				GCC_WARN_UNDECLARED_SELECTOR = YES;
				GCC_WARN_UNINITIALIZED_AUTOS = YES_AGGRESSIVE;
				GCC_WARN_UNUSED_FUNCTION = YES;
				GCC_WARN_UNUSED_VARIABLE = YES;
				IPHONEOS_DEPLOYMENT_TARGET = 11.0;
				MTL_ENABLE_DEBUG_INFO = NO;
				SDKROOT = iphoneos;
				SWIFT_OPTIMIZATION_LEVEL = "-Owholemodule";
				VALIDATE_PRODUCT = YES;
			};
			name = Release;
		};
		80B838B91F1EEEC900F90A13 /* Debug */ = {
			isa = XCBuildConfiguration;
			buildSettings = {
				ALWAYS_EMBED_SWIFT_STANDARD_LIBRARIES = YES;
				ASSETCATALOG_COMPILER_APPICON_NAME = AppIcon;
				DEVELOPMENT_TEAM = 6KLWRX98B4;
				INFOPLIST_FILE = "octo-tap/Info.plist";
				IPHONEOS_DEPLOYMENT_TARGET = 8.0;
				LD_RUNPATH_SEARCH_PATHS = "$(inherited) @executable_path/Frameworks";
				PRODUCT_BUNDLE_IDENTIFIER = "com.valine.octo-tap";
				PRODUCT_NAME = "$(TARGET_NAME)";
				SWIFT_VERSION = 3.0;
				TARGETED_DEVICE_FAMILY = "1,2";
			};
			name = Debug;
		};
		80B838BA1F1EEEC900F90A13 /* Release */ = {
			isa = XCBuildConfiguration;
			buildSettings = {
				ALWAYS_EMBED_SWIFT_STANDARD_LIBRARIES = YES;
				ASSETCATALOG_COMPILER_APPICON_NAME = AppIcon;
				DEVELOPMENT_TEAM = 6KLWRX98B4;
				INFOPLIST_FILE = "octo-tap/Info.plist";
				IPHONEOS_DEPLOYMENT_TARGET = 8.0;
				LD_RUNPATH_SEARCH_PATHS = "$(inherited) @executable_path/Frameworks";
				PRODUCT_BUNDLE_IDENTIFIER = "com.valine.octo-tap";
				PRODUCT_NAME = "$(TARGET_NAME)";
				SWIFT_VERSION = 3.0;
				TARGETED_DEVICE_FAMILY = "1,2";
			};
			name = Release;
		};
/* End XCBuildConfiguration section */

/* Begin XCConfigurationList section */
		80B8389F1F1EEEC900F90A13 /* Build configuration list for PBXProject "octo-tap" */ = {
			isa = XCConfigurationList;
			buildConfigurations = (
				80B838B61F1EEEC900F90A13 /* Debug */,
				80B838B71F1EEEC900F90A13 /* Release */,
			);
			defaultConfigurationIsVisible = 0;
			defaultConfigurationName = Release;
		};
		80B838B81F1EEEC900F90A13 /* Build configuration list for PBXNativeTarget "octo-tap" */ = {
			isa = XCConfigurationList;
			buildConfigurations = (
				80B838B91F1EEEC900F90A13 /* Debug */,
				80B838BA1F1EEEC900F90A13 /* Release */,
			);
			defaultConfigurationIsVisible = 0;
			defaultConfigurationName = Release;
		};
/* End XCConfigurationList section */
	};
	rootObject = 80B8389C1F1EEEC900F90A13 /* Project object */;
}
