// !$*UTF8*$!
{
	archiveVersion = 1;
	classes = {
	};
	objectVersion = 48;
	objects = {

/* Begin PBXBuildFile section */
		80B838A81F1EEEC900F90A13 /* AppDelegate.swift in Sources */ = {isa = PBXBuildFile; fileRef = 80B838A71F1EEEC900F90A13 /* AppDelegate.swift */; };
		80B838AA1F1EEEC900F90A13 /* DashboardViewController.swift in Sources */ = {isa = PBXBuildFile; fileRef = 80B838A91F1EEEC900F90A13 /* DashboardViewController.swift */; };
		80B838AC1F1EEEC900F90A13 /* FileBrowserViewController.swift in Sources */ = {isa = PBXBuildFile; fileRef = 80B838AB1F1EEEC900F90A13 /* FileBrowserViewController.swift */; };
		80B838AF1F1EEEC900F90A13 /* Main.storyboard in Resources */ = {isa = PBXBuildFile; fileRef = 80B838AD1F1EEEC900F90A13 /* Main.storyboard */; };
		80B838B11F1EEEC900F90A13 /* Assets.xcassets in Resources */ = {isa = PBXBuildFile; fileRef = 80B838B01F1EEEC900F90A13 /* Assets.xcassets */; };
		80B838B41F1EEEC900F90A13 /* LaunchScreen.storyboard in Resources */ = {isa = PBXBuildFile; fileRef = 80B838B21F1EEEC900F90A13 /* LaunchScreen.storyboard */; };
		80B838BC1F1EEF7500F90A13 /* Octoprint.swift in Sources */ = {isa = PBXBuildFile; fileRef = 80B838BB1F1EEF7500F90A13 /* Octoprint.swift */; };
/* End PBXBuildFile section */

/* Begin PBXFileReference section */
		80B838A41F1EEEC900F90A13 /* octo-tap.app */ = {isa = PBXFileReference; explicitFileType = wrapper.application; includeInIndex = 0; path = "octo-tap.app"; sourceTree = BUILT_PRODUCTS_DIR; };
		80B838A71F1EEEC900F90A13 /* AppDelegate.swift */ = {isa = PBXFileReference; lastKnownFileType = sourcecode.swift; path = AppDelegate.swift; sourceTree = "<group>"; };
		80B838A91F1EEEC900F90A13 /* DashboardViewController.swift */ = {isa = PBXFileReference; lastKnownFileType = sourcecode.swift; path = DashboardViewController.swift; sourceTree = "<group>"; };
		80B838AB1F1EEEC900F90A13 /* FileBrowserViewController.swift */ = {isa = PBXFileReference; lastKnownFileType = sourcecode.swift; path = FileBrowserViewController.swift; sourceTree = "<group>"; };
		80B838AE1F1EEEC900F90A13 /* Base */ = {isa = PBXFileReference; lastKnownFileType = file.storyboard; name = Base; path = Base.lproj/Main.storyboard; sourceTree = "<group>"; };
		80B838B01F1EEEC900F90A13 /* Assets.xcassets */ = {isa = PBXFileReference; lastKnownFileType = folder.assetcatalog; path = Assets.xcassets; sourceTree = "<group>"; };
		80B838B31F1EEEC900F90A13 /* Base */ = {isa = PBXFileReference; lastKnownFileType = file.storyboard; name = Base; path = Base.lproj/LaunchScreen.storyboard; sourceTree = "<group>"; };
		80B838B51F1EEEC900F90A13 /* Info.plist */ = {isa = PBXFileReference; lastKnownFileType = text.plist.xml; path = Info.plist; sourceTree = "<group>"; };
		80B838BB1F1EEF7500F90A13 /* Octoprint.swift */ = {isa = PBXFileReference; lastKnownFileType = sourcecode.swift; path = Octoprint.swift; sourceTree = "<group>"; };
/* End PBXFileReference section */

/* Begin PBXFrameworksBuildPhase section */
		80B838A11F1EEEC900F90A13 /* Frameworks */ = {
			isa = PBXFrameworksBuildPhase;
			buildActionMask = 2147483647;
			files = (
			);
			runOnlyForDeploymentPostprocessing = 0;
		};
/* End PBXFrameworksBuildPhase section */

/* Begin PBXGroup section */
		80B8389B1F1EEEC900F90A13 = {
			isa = PBXGroup;
			children = (
				80B838A61F1EEEC900F90A13 /* octo-tap */,
				80B838A51F1EEEC900F90A13 /* Products */,
			);
			sourceTree = "<group>";
		};
		80B838A51F1EEEC900F90A13 /* Products */ = {
			isa = PBXGroup;
			children = (
				80B838A41F1EEEC900F90A13 /* octo-tap.app */,
			);
			name = Products;
			sourceTree = "<group>";
		};
		80B838A61F1EEEC900F90A13 /* octo-tap */ = {
			isa = PBXGroup;
			children = (
				80B838A71F1EEEC900F90A13 /* AppDelegate.swift */,
				80B838A91F1EEEC900F90A13 /* DashboardViewController.swift */,
				80B838AB1F1EEEC900F90A13 /* FileBrowserViewController.swift */,
				80B838BB1F1EEF7500F90A13 /* Octoprint.swift */,
				80B838AD1F1EEEC900F90A13 /* Main.storyboard */,
				80B838B01F1EEEC900F90A13 /* Assets.xcassets */,
				80B838B21F1EEEC900F90A13 /* LaunchScreen.storyboard */,
				80B838B51F1EEEC900F90A13 /* Info.plist */,
			);
			path = "octo-tap";
			sourceTree = "<group>";
		};
/* End PBXGroup section */

/* Begin PBXNativeTarget section */
		80B838A31F1EEEC900F90A13 /* octo-tap */ = {
			isa = PBXNativeTarget;
			buildConfigurationList = 80B838B81F1EEEC900F90A13 /* Build configuration list for PBXNativeTarget "octo-tap" */;
			buildPhases = (
				80B838A01F1EEEC900F90A13 /* Sources */,
				80B838A11F1EEEC900F90A13 /* Frameworks */,
				80B838A21F1EEEC900F90A13 /* Resources */,
			);
			buildRules = (
			);
			dependencies = (
			);
			name = "octo-tap";
			productName = "octo-tap";
			productReference = 80B838A41F1EEEC900F90A13 /* octo-tap.app */;
			productType = "com.apple.product-type.application";
		};
/* End PBXNativeTarget section */

/* Begin PBXProject section */
		80B8389C1F1EEEC900F90A13 /* Project object */ = {
			isa = PBXProject;
			attributes = {
				LastSwiftUpdateCheck = 0900;
				LastUpgradeCheck = 0900;
				ORGANIZATIONNAME = "Lukas Valine";
				TargetAttributes = {
					80B838A31F1EEEC900F90A13 = {
						CreatedOnToolsVersion = 9.0;
					};
				};
			};
			buildConfigurationList = 80B8389F1F1EEEC900F90A13 /* Build configuration list for PBXProject "octo-tap" */;
			compatibilityVersion = "Xcode 8.0";
			developmentRegion = en;
			hasScannedForEncodings = 0;
			knownRegions = (
				en,
				Base,
			);
			mainGroup = 80B8389B1F1EEEC900F90A13;
			productRefGroup = 80B838A51F1EEEC900F90A13 /* Products */;
			projectDirPath = "";
			projectRoot = "";
			targets = (
				80B838A31F1EEEC900F90A13 /* octo-tap */,
			);
		};
/* End PBXProject section */

/* Begin PBXResourcesBuildPhase section */
		80B838A21F1EEEC900F90A13 /* Resources */ = {
			isa = PBXResourcesBuildPhase;
			buildActionMask = 2147483647;
			files = (
				80B838B41F1EEEC900F90A13 /* LaunchScreen.storyboard in Resources */,
				80B838B11F1EEEC900F90A13 /* Assets.xcassets in Resources */,
				80B838AF1F1EEEC900F90A13 /* Main.storyboard in Resources */,
			);
			runOnlyForDeploymentPostprocessing = 0;
		};
/* End PBXResourcesBuildPhase section */

/* Begin PBXSourcesBuildPhase section */
		80B838A01F1EEEC900F90A13 /* Sources */ = {
			isa = PBXSourcesBuildPhase;
			buildActionMask = 2147483647;
			files = (
				80B838BC1F1EEF7500F90A13 /* Octoprint.swift in Sources */,
				80B838AC1F1EEEC900F90A13 /* FileBrowserViewController.swift in Sources */,
				80B838A81F1EEEC900F90A13 /* AppDelegate.swift in Sources */,
				80B838AA1F1EEEC900F90A13 /* DashboardViewController.swift in Sources */,
			);
			runOnlyForDeploymentPostprocessing = 0;
		};
/* End PBXSourcesBuildPhase section */

/* Begin PBXVariantGroup section */
		80B838AD1F1EEEC900F90A13 /* Main.storyboard */ = {
			isa = PBXVariantGroup;
			children = (
				80B838AE1F1EEEC900F90A13 /* Base */,
			);
			name = Main.storyboard;
			sourceTree = "<group>";
		};
		80B838B21F1EEEC900F90A13 /* LaunchScreen.storyboard */ = {
			isa = PBXVariantGroup;
			children = (
				80B838B31F1EEEC900F90A13 /* Base */,
			);
			name = LaunchScreen.storyboard;
			sourceTree = "<group>";
		};
/* End PBXVariantGroup section */

/* Begin XCBuildConfiguration section */
		80B838B61F1EEEC900F90A13 /* Debug */ = {
			isa = XCBuildConfiguration;
			buildSettings = {
				ALWAYS_SEARCH_USER_PATHS = NO;
				CLANG_ANALYZER_NONNULL = YES;
				CLANG_ANALYZER_NUMBER_OBJECT_CONVERSION = YES_AGGRESSIVE;
				CLANG_CXX_LANGUAGE_STANDARD = "gnu++14";
				CLANG_CXX_LIBRARY = "libc++";
				CLANG_ENABLE_MODULES = YES;
				CLANG_ENABLE_OBJC_ARC = YES;
				CLANG_WARN_BLOCK_CAPTURE_AUTORELEASING = YES;
				CLANG_WARN_BOOL_CONVERSION = YES;
				CLANG_WARN_COMMA = YES;
				CLANG_WARN_CONSTANT_CONVERSION = YES;
				CLANG_WARN_DIRECT_OBJC_ISA_USAGE = YES_ERROR;
				CLANG_WARN_DOCUMENTATION_COMMENTS = YES;
				CLANG_WARN_EMPTY_BODY = YES;
				CLANG_WARN_ENUM_CONVERSION = YES;
				CLANG_WARN_INFINITE_RECURSION = YES;
				CLANG_WARN_INT_CONVERSION = YES;
				CLANG_WARN_OBJC_ROOT_CLASS = YES_ERROR;
				CLANG_WARN_RANGE_LOOP_ANALYSIS = YES;
				CLANG_WARN_STRICT_PROTOTYPES = YES;
				CLANG_WARN_SUSPICIOUS_MOVE = YES;
				CLANG_WARN_UNGUARDED_AVAILABILITY = YES_AGGRESSIVE;
				CLANG_WARN_UNREACHABLE_CODE = YES;
				CLANG_WARN__DUPLICATE_METHOD_MATCH = YES;
				CODE_SIGN_IDENTITY = "iPhone Developer";
				COPY_PHASE_STRIP = NO;
				DEBUG_INFORMATION_FORMAT = dwarf;
				ENABLE_STRICT_OBJC_MSGSEND = YES;
				ENABLE_TESTABILITY = YES;
				GCC_C_LANGUAGE_STANDARD = gnu11;
				GCC_DYNAMIC_NO_PIC = NO;
				GCC_NO_COMMON_BLOCKS = YES;
				GCC_OPTIMIZATION_LEVEL = 0;
				GCC_PREPROCESSOR_DEFINITIONS = (
					"DEBUG=1",
					"$(inherited)",
				);
				GCC_WARN_64_TO_32_BIT_CONVERSION = YES;
				GCC_WARN_ABOUT_RETURN_TYPE = YES_ERROR;
				GCC_WARN_UNDECLARED_SELECTOR = YES;
				GCC_WARN_UNINITIALIZED_AUTOS = YES_AGGRESSIVE;
				GCC_WARN_UNUSED_FUNCTION = YES;
				GCC_WARN_UNUSED_VARIABLE = YES;
				IPHONEOS_DEPLOYMENT_TARGET = 11.0;
				MTL_ENABLE_DEBUG_INFO = YES;
				ONLY_ACTIVE_ARCH = YES;
				SDKROOT = iphoneos;
				SWIFT_ACTIVE_COMPILATION_CONDITIONS = DEBUG;
				SWIFT_OPTIMIZATION_LEVEL = "-Onone";
			};
			name = Debug;
		};
		80B838B71F1EEEC900F90A13 /* Release */ = {
			isa = XCBuildConfiguration;
			buildSettings = {
				ALWAYS_SEARCH_USER_PATHS = NO;
				CLANG_ANALYZER_NONNULL = YES;
				CLANG_ANALYZER_NUMBER_OBJECT_CONVERSION = YES_AGGRESSIVE;
				CLANG_CXX_LANGUAGE_STANDARD = "gnu++14";
				CLANG_CXX_LIBRARY = "libc++";
				CLANG_ENABLE_MODULES = YES;
				CLANG_ENABLE_OBJC_ARC = YES;
				CLANG_WARN_BLOCK_CAPTURE_AUTORELEASING = YES;
				CLANG_WARN_BOOL_CONVERSION = YES;
				CLANG_WARN_COMMA = YES;
				CLANG_WARN_CONSTANT_CONVERSION = YES;
				CLANG_WARN_DIRECT_OBJC_ISA_USAGE = YES_ERROR;
				CLANG_WARN_DOCUMENTATION_COMMENTS = YES;
				CLANG_WARN_EMPTY_BODY = YES;
				CLANG_WARN_ENUM_CONVERSION = YES;
				CLANG_WARN_INFINITE_RECURSION = YES;
				CLANG_WARN_INT_CONVERSION = YES;
				CLANG_WARN_OBJC_ROOT_CLASS = YES_ERROR;
				CLANG_WARN_RANGE_LOOP_ANALYSIS = YES;
				CLANG_WARN_STRICT_PROTOTYPES = YES;
				CLANG_WARN_SUSPICIOUS_MOVE = YES;
				CLANG_WARN_UNGUARDED_AVAILABILITY = YES_AGGRESSIVE;
				CLANG_WARN_UNREACHABLE_CODE = YES;
				CLANG_WARN__DUPLICATE_METHOD_MATCH = YES;
				CODE_SIGN_IDENTITY = "iPhone Developer";
				COPY_PHASE_STRIP = NO;
				DEBUG_INFORMATION_FORMAT = "dwarf-with-dsym";
				ENABLE_NS_ASSERTIONS = NO;
				ENABLE_STRICT_OBJC_MSGSEND = YES;
				GCC_C_LANGUAGE_STANDARD = gnu11;
				GCC_NO_COMMON_BLOCKS = YES;
				GCC_WARN_64_TO_32_BIT_CONVERSION = YES;
				GCC_WARN_ABOUT_RETURN_TYPE = YES_ERROR;
				GCC_WARN_UNDECLARED_SELECTOR = YES;
				GCC_WARN_UNINITIALIZED_AUTOS = YES_AGGRESSIVE;
				GCC_WARN_UNUSED_FUNCTION = YES;
				GCC_WARN_UNUSED_VARIABLE = YES;
				IPHONEOS_DEPLOYMENT_TARGET = 11.0;
				MTL_ENABLE_DEBUG_INFO = NO;
				SDKROOT = iphoneos;
				SWIFT_OPTIMIZATION_LEVEL = "-Owholemodule";
				VALIDATE_PRODUCT = YES;
			};
			name = Release;
		};
		80B838B91F1EEEC900F90A13 /* Debug */ = {
			isa = XCBuildConfiguration;
			buildSettings = {
				ASSETCATALOG_COMPILER_APPICON_NAME = AppIcon;
				DEVELOPMENT_TEAM = 6KLWRX98B4;
				INFOPLIST_FILE = "octo-tap/Info.plist";
				LD_RUNPATH_SEARCH_PATHS = "$(inherited) @executable_path/Frameworks";
				PRODUCT_BUNDLE_IDENTIFIER = "com.valine.octo-tap";
				PRODUCT_NAME = "$(TARGET_NAME)";
				SWIFT_VERSION = 4.0;
				TARGETED_DEVICE_FAMILY = "1,2";
			};
			name = Debug;
		};
		80B838BA1F1EEEC900F90A13 /* Release */ = {
			isa = XCBuildConfiguration;
			buildSettings = {
				ASSETCATALOG_COMPILER_APPICON_NAME = AppIcon;
				DEVELOPMENT_TEAM = 6KLWRX98B4;
				INFOPLIST_FILE = "octo-tap/Info.plist";
				LD_RUNPATH_SEARCH_PATHS = "$(inherited) @executable_path/Frameworks";
				PRODUCT_BUNDLE_IDENTIFIER = "com.valine.octo-tap";
				PRODUCT_NAME = "$(TARGET_NAME)";
				SWIFT_VERSION = 4.0;
				TARGETED_DEVICE_FAMILY = "1,2";
			};
			name = Release;
		};
/* End XCBuildConfiguration section */

/* Begin XCConfigurationList section */
		80B8389F1F1EEEC900F90A13 /* Build configuration list for PBXProject "octo-tap" */ = {
			isa = XCConfigurationList;
			buildConfigurations = (
				80B838B61F1EEEC900F90A13 /* Debug */,
				80B838B71F1EEEC900F90A13 /* Release */,
			);
			defaultConfigurationIsVisible = 0;
			defaultConfigurationName = Release;
		};
		80B838B81F1EEEC900F90A13 /* Build configuration list for PBXNativeTarget "octo-tap" */ = {
			isa = XCConfigurationList;
			buildConfigurations = (
				80B838B91F1EEEC900F90A13 /* Debug */,
				80B838BA1F1EEEC900F90A13 /* Release */,
			);
			defaultConfigurationIsVisible = 0;
		};
/* End XCConfigurationList section */
	};
	rootObject = 80B8389C1F1EEEC900F90A13 /* Project object */;
}
